
Microsoft Visual Studio Solution File, Format Version 12.00
# Visual Studio Version 17
VisualStudioVersion = 17.0.32014.148
MinimumVisualStudioVersion = 10.0.40219.1
Project("{FAE04EC0-301F-11D3-BF4B-00C04F79EFBC}") = "P01.Messaging", "P01.Messaging\P01.Messaging.csproj", "{217B9187-FFF7-441B-8919-F428C9E6ADA3}"
EndProject
Project("{FAE04EC0-301F-11D3-BF4B-00C04F79EFBC}") = "P02.Car Race", "P02.Car Race\P02.Car Race.csproj", "{1BDCBF3A-84D4-4506-BE18-7F1ADC3C74C7}"
EndProject
Project("{FAE04EC0-301F-11D3-BF4B-00C04F79EFBC}") = "P03.Take-SkipRope", "P03.Take-SkipRope\P03.Take-SkipRope.csproj", "{05AB60CA-E1E6-4B43-9653-DB5017BA0C8C}"
EndProject
Project("{FAE04EC0-301F-11D3-BF4B-00C04F79EFBC}") = "P04.MixedUpLists", "P04.MixedUpLists\P04.MixedUpLists.csproj", "{977695BC-61BE-4907-BB4A-DFCECC5E8BEC}"
EndProject
Project("{FAE04EC0-301F-11D3-BF4B-00C04F79EFBC}") = "P05.DrumSet", "P05.DrumSet\P05.DrumSet.csproj", "{0490B810-3F6D-4571-B0C7-70C9861853B9}"
EndProject
Global
	GlobalSection(SolutionConfigurationPlatforms) = preSolution
		Debug|Any CPU = Debug|Any CPU
		Release|Any CPU = Release|Any CPU
	EndGlobalSection
	GlobalSection(ProjectConfigurationPlatforms) = postSolution
		{217B9187-FFF7-441B-8919-F428C9E6ADA3}.Debug|Any CPU.ActiveCfg = Debug|Any CPU
		{217B9187-FFF7-441B-8919-F428C9E6ADA3}.Debug|Any CPU.Build.0 = Debug|Any CPU
		{217B9187-FFF7-441B-8919-F428C9E6ADA3}.Release|Any CPU.ActiveCfg = Release|Any CPU
		{217B9187-FFF7-441B-8919-F428C9E6ADA3}.Release|Any CPU.Build.0 = Release|Any CPU
		{1BDCBF3A-84D4-4506-BE18-7F1ADC3C74C7}.Debug|Any CPU.ActiveCfg = Debug|Any CPU
		{1BDCBF3A-84D4-4506-BE18-7F1ADC3C74C7}.Debug|Any CPU.Build.0 = Debug|Any CPU
		{1BDCBF3A-84D4-4506-BE18-7F1ADC3C74C7}.Release|Any CPU.ActiveCfg = Release|Any CPU
		{1BDCBF3A-84D4-4506-BE18-7F1ADC3C74C7}.Release|Any CPU.Build.0 = Release|Any CPU
		{05AB60CA-E1E6-4B43-9653-DB5017BA0C8C}.Debug|Any CPU.ActiveCfg = Debug|Any CPU
		{05AB60CA-E1E6-4B43-9653-DB5017BA0C8C}.Debug|Any CPU.Build.0 = Debug|Any CPU
		{05AB60CA-E1E6-4B43-9653-DB5017BA0C8C}.Release|Any CPU.ActiveCfg = Release|Any CPU
		{05AB60CA-E1E6-4B43-9653-DB5017BA0C8C}.Release|Any CPU.Build.0 = Release|Any CPU
		{977695BC-61BE-4907-BB4A-DFCECC5E8BEC}.Debug|Any CPU.ActiveCfg = Debug|Any CPU
		{977695BC-61BE-4907-BB4A-DFCECC5E8BEC}.Debug|Any CPU.Build.0 = Debug|Any CPU
		{977695BC-61BE-4907-BB4A-DFCECC5E8BEC}.Release|Any CPU.ActiveCfg = Release|Any CPU
		{977695BC-61BE-4907-BB4A-DFCECC5E8BEC}.Release|Any CPU.Build.0 = Release|Any CPU
		{0490B810-3F6D-4571-B0C7-70C9861853B9}.Debug|Any CPU.ActiveCfg = Debug|Any CPU
		{0490B810-3F6D-4571-B0C7-70C9861853B9}.Debug|Any CPU.Build.0 = Debug|Any CPU
		{0490B810-3F6D-4571-B0C7-70C9861853B9}.Release|Any CPU.ActiveCfg = Release|Any CPU
		{0490B810-3F6D-4571-B0C7-70C9861853B9}.Release|Any CPU.Build.0 = Release|Any CPU
	EndGlobalSection
	GlobalSection(SolutionProperties) = preSolution
		HideSolutionNode = FALSE
	EndGlobalSection
	GlobalSection(ExtensibilityGlobals) = postSolution
		SolutionGuid = {04C5F97C-2D06-4DE2-A8C6-8172C7612D91}
	EndGlobalSection
EndGlobal
