
Microsoft Visual Studio Solution File, Format Version 12.00
# Visual Studio Version 17
VisualStudioVersion = 17.0.32014.148
MinimumVisualStudioVersion = 10.0.40219.1
Project("{9A19103F-16F7-4668-BE54-9A1E7A4F7556}") = "P01.SignOfIntegerNumbers", "P01.SignOfIntegerNumbers\P01.SignOfIntegerNumbers.csproj", "{88F35DBD-A1B5-45DD-9133-3E317AFEA2EE}"
EndProject
Project("{9A19103F-16F7-4668-BE54-9A1E7A4F7556}") = "P02.Grades", "P02.Grades\P02.Grades.csproj", "{6DC0B33E-E567-4FE9-B396-3B1D427CF97D}"
EndProject
Project("{9A19103F-16F7-4668-BE54-9A1E7A4F7556}") = "P03.Calculations", "P03.Calculations\P03.Calculations.csproj", "{FF3E5F6A-9AFD-4591-B91C-A7E65BB6A5F5}"
EndProject
Project("{9A19103F-16F7-4668-BE54-9A1E7A4F7556}") = "P04.PrintingTriangle", "P04.PrintingTriangle\P04.PrintingTriangle.csproj", "{018CB621-0927-443B-BB9A-018362B6B921}"
EndProject
Project("{9A19103F-16F7-4668-BE54-9A1E7A4F7556}") = "P05.Orders", "P05.Orders\P05.Orders.csproj", "{CC0632AA-4DBB-4E36-94DD-79CA2CBC5071}"
EndProject
Project("{9A19103F-16F7-4668-BE54-9A1E7A4F7556}") = "P06.CalculateRectangleArea", "P06.CalculateRectangleArea\P06.CalculateRectangleArea.csproj", "{58A6D1D9-74A4-42D9-8C11-0679ACD4D6FF}"
EndProject
Project("{FAE04EC0-301F-11D3-BF4B-00C04F79EFBC}") = "P07.RepeatString", "P07.RepeatString\P07.RepeatString.csproj", "{4EF9235D-023D-44DD-99D6-1ECD39DF84EA}"
EndProject
Project("{FAE04EC0-301F-11D3-BF4B-00C04F79EFBC}") = "P08.MathPower", "P08.MathPower\P08.MathPower.csproj", "{1C84222E-E344-4B7B-ADA9-2973F9EC985E}"
EndProject
Project("{FAE04EC0-301F-11D3-BF4B-00C04F79EFBC}") = "P09.GreaterOfTwoValues", "P09.GreaterOfTwoValues\P09.GreaterOfTwoValues.csproj", "{31893CEF-2E3C-4B3B-BBCE-B8A24391F837}"
EndProject
Global
	GlobalSection(SolutionConfigurationPlatforms) = preSolution
		Debug|Any CPU = Debug|Any CPU
		Release|Any CPU = Release|Any CPU
	EndGlobalSection
	GlobalSection(ProjectConfigurationPlatforms) = postSolution
		{88F35DBD-A1B5-45DD-9133-3E317AFEA2EE}.Debug|Any CPU.ActiveCfg = Debug|Any CPU
		{88F35DBD-A1B5-45DD-9133-3E317AFEA2EE}.Debug|Any CPU.Build.0 = Debug|Any CPU
		{88F35DBD-A1B5-45DD-9133-3E317AFEA2EE}.Release|Any CPU.ActiveCfg = Release|Any CPU
		{88F35DBD-A1B5-45DD-9133-3E317AFEA2EE}.Release|Any CPU.Build.0 = Release|Any CPU
		{6DC0B33E-E567-4FE9-B396-3B1D427CF97D}.Debug|Any CPU.ActiveCfg = Debug|Any CPU
		{6DC0B33E-E567-4FE9-B396-3B1D427CF97D}.Debug|Any CPU.Build.0 = Debug|Any CPU
		{6DC0B33E-E567-4FE9-B396-3B1D427CF97D}.Release|Any CPU.ActiveCfg = Release|Any CPU
		{6DC0B33E-E567-4FE9-B396-3B1D427CF97D}.Release|Any CPU.Build.0 = Release|Any CPU
		{FF3E5F6A-9AFD-4591-B91C-A7E65BB6A5F5}.Debug|Any CPU.ActiveCfg = Debug|Any CPU
		{FF3E5F6A-9AFD-4591-B91C-A7E65BB6A5F5}.Debug|Any CPU.Build.0 = Debug|Any CPU
		{FF3E5F6A-9AFD-4591-B91C-A7E65BB6A5F5}.Release|Any CPU.ActiveCfg = Release|Any CPU
		{FF3E5F6A-9AFD-4591-B91C-A7E65BB6A5F5}.Release|Any CPU.Build.0 = Release|Any CPU
		{018CB621-0927-443B-BB9A-018362B6B921}.Debug|Any CPU.ActiveCfg = Debug|Any CPU
		{018CB621-0927-443B-BB9A-018362B6B921}.Debug|Any CPU.Build.0 = Debug|Any CPU
		{018CB621-0927-443B-BB9A-018362B6B921}.Release|Any CPU.ActiveCfg = Release|Any CPU
		{018CB621-0927-443B-BB9A-018362B6B921}.Release|Any CPU.Build.0 = Release|Any CPU
		{CC0632AA-4DBB-4E36-94DD-79CA2CBC5071}.Debug|Any CPU.ActiveCfg = Debug|Any CPU
		{CC0632AA-4DBB-4E36-94DD-79CA2CBC5071}.Debug|Any CPU.Build.0 = Debug|Any CPU
		{CC0632AA-4DBB-4E36-94DD-79CA2CBC5071}.Release|Any CPU.ActiveCfg = Release|Any CPU
		{CC0632AA-4DBB-4E36-94DD-79CA2CBC5071}.Release|Any CPU.Build.0 = Release|Any CPU
		{58A6D1D9-74A4-42D9-8C11-0679ACD4D6FF}.Debug|Any CPU.ActiveCfg = Debug|Any CPU
		{58A6D1D9-74A4-42D9-8C11-0679ACD4D6FF}.Debug|Any CPU.Build.0 = Debug|Any CPU
		{58A6D1D9-74A4-42D9-8C11-0679ACD4D6FF}.Release|Any CPU.ActiveCfg = Release|Any CPU
		{58A6D1D9-74A4-42D9-8C11-0679ACD4D6FF}.Release|Any CPU.Build.0 = Release|Any CPU
		{4EF9235D-023D-44DD-99D6-1ECD39DF84EA}.Debug|Any CPU.ActiveCfg = Debug|Any CPU
		{4EF9235D-023D-44DD-99D6-1ECD39DF84EA}.Debug|Any CPU.Build.0 = Debug|Any CPU
		{4EF9235D-023D-44DD-99D6-1ECD39DF84EA}.Release|Any CPU.ActiveCfg = Release|Any CPU
		{4EF9235D-023D-44DD-99D6-1ECD39DF84EA}.Release|Any CPU.Build.0 = Release|Any CPU
		{1C84222E-E344-4B7B-ADA9-2973F9EC985E}.Debug|Any CPU.ActiveCfg = Debug|Any CPU
		{1C84222E-E344-4B7B-ADA9-2973F9EC985E}.Debug|Any CPU.Build.0 = Debug|Any CPU
		{1C84222E-E344-4B7B-ADA9-2973F9EC985E}.Release|Any CPU.ActiveCfg = Release|Any CPU
		{1C84222E-E344-4B7B-ADA9-2973F9EC985E}.Release|Any CPU.Build.0 = Release|Any CPU
		{31893CEF-2E3C-4B3B-BBCE-B8A24391F837}.Debug|Any CPU.ActiveCfg = Debug|Any CPU
		{31893CEF-2E3C-4B3B-BBCE-B8A24391F837}.Debug|Any CPU.Build.0 = Debug|Any CPU
		{31893CEF-2E3C-4B3B-BBCE-B8A24391F837}.Release|Any CPU.ActiveCfg = Release|Any CPU
		{31893CEF-2E3C-4B3B-BBCE-B8A24391F837}.Release|Any CPU.Build.0 = Release|Any CPU
	EndGlobalSection
	GlobalSection(SolutionProperties) = preSolution
		HideSolutionNode = FALSE
	EndGlobalSection
	GlobalSection(ExtensibilityGlobals) = postSolution
		SolutionGuid = {88D07C6B-D04D-42DD-89A0-FC851FE2B02D}
	EndGlobalSection
EndGlobal
