
Microsoft Visual Studio Solution File, Format Version 12.00
# Visual Studio Version 17
VisualStudioVersion = 17.0.32014.148
MinimumVisualStudioVersion = 10.0.40219.1
Project("{FAE04EC0-301F-11D3-BF4B-00C04F79EFBC}") = "P07.WaterOverflow", "P07.WaterOverflow\P07.WaterOverflow.csproj", "{AAA7BF8D-51B4-4B04-84D6-76D445E0015A}"
EndProject
Project("{FAE04EC0-301F-11D3-BF4B-00C04F79EFBC}") = "P06.TriplesOfLatinLetters", "P06.TriplesOfLatinLetters\P06.TriplesOfLatinLetters.csproj", "{54DEA6C8-DC66-4969-86A5-7E26332B1735}"
EndProject
Project("{FAE04EC0-301F-11D3-BF4B-00C04F79EFBC}") = "P05.PrintPartOfASCIITable", "P05.PrintPartOfASCIITable\P05.PrintPartOfASCIITable.csproj", "{CBABD82D-8075-491B-A1F6-B0599D34AB73}"
EndProject
Project("{FAE04EC0-301F-11D3-BF4B-00C04F79EFBC}") = "P04.SumOfChars", "P04.SumOfChars\P04.SumOfChars.csproj", "{30C93145-EBE6-4EC4-801E-9FAD4046F478}"
EndProject
Project("{FAE04EC0-301F-11D3-BF4B-00C04F79EFBC}") = "P03.Elevator", "P03.Elevator\P03.Elevator.csproj", "{290469A3-977F-4F9E-8047-F4C26492DB1D}"
EndProject
Project("{FAE04EC0-301F-11D3-BF4B-00C04F79EFBC}") = "P02.SumDigits", "P02.SumDigits\P02.SumDigits.csproj", "{0867D100-945C-4CF6-9A89-0EB5E56DE92A}"
EndProject
Project("{FAE04EC0-301F-11D3-BF4B-00C04F79EFBC}") = "P01.IntegerOperations", "P01.IntegerOperations\P01.IntegerOperations.csproj", "{3F6B21E0-1204-4548-A167-6F428079CD01}"
EndProject
Project("{FAE04EC0-301F-11D3-BF4B-00C04F79EFBC}") = "P08.BeerKegs", "P08.BeerKegs\P08.BeerKegs.csproj", "{EAC1DDF8-6AEC-446F-B09B-CEEEB64EC469}"
EndProject
Project("{FAE04EC0-301F-11D3-BF4B-00C04F79EFBC}") = "P09.SpiceMustFlow", "P09.SpiceMustFlow\P09.SpiceMustFlow.csproj", "{3DBC3006-5C00-47FF-9D33-3C8854B0097B}"
EndProject
Project("{FAE04EC0-301F-11D3-BF4B-00C04F79EFBC}") = "P10.PokeMon", "P10.PokeMon\P10.PokeMon.csproj", "{BC1B20B1-2BE2-4626-80A9-BF920343D854}"
EndProject
Project("{FAE04EC0-301F-11D3-BF4B-00C04F79EFBC}") = "P11.Snowballs", "P11.Snowballs\P11.Snowballs.csproj", "{52C16489-671C-4764-A613-4C4DBB738147}"
EndProject
Global
	GlobalSection(SolutionConfigurationPlatforms) = preSolution
		Debug|Any CPU = Debug|Any CPU
		Release|Any CPU = Release|Any CPU
	EndGlobalSection
	GlobalSection(ProjectConfigurationPlatforms) = postSolution
		{AAA7BF8D-51B4-4B04-84D6-76D445E0015A}.Debug|Any CPU.ActiveCfg = Debug|Any CPU
		{AAA7BF8D-51B4-4B04-84D6-76D445E0015A}.Debug|Any CPU.Build.0 = Debug|Any CPU
		{AAA7BF8D-51B4-4B04-84D6-76D445E0015A}.Release|Any CPU.ActiveCfg = Release|Any CPU
		{AAA7BF8D-51B4-4B04-84D6-76D445E0015A}.Release|Any CPU.Build.0 = Release|Any CPU
		{54DEA6C8-DC66-4969-86A5-7E26332B1735}.Debug|Any CPU.ActiveCfg = Debug|Any CPU
		{54DEA6C8-DC66-4969-86A5-7E26332B1735}.Debug|Any CPU.Build.0 = Debug|Any CPU
		{54DEA6C8-DC66-4969-86A5-7E26332B1735}.Release|Any CPU.ActiveCfg = Release|Any CPU
		{54DEA6C8-DC66-4969-86A5-7E26332B1735}.Release|Any CPU.Build.0 = Release|Any CPU
		{CBABD82D-8075-491B-A1F6-B0599D34AB73}.Debug|Any CPU.ActiveCfg = Debug|Any CPU
		{CBABD82D-8075-491B-A1F6-B0599D34AB73}.Debug|Any CPU.Build.0 = Debug|Any CPU
		{CBABD82D-8075-491B-A1F6-B0599D34AB73}.Release|Any CPU.ActiveCfg = Release|Any CPU
		{CBABD82D-8075-491B-A1F6-B0599D34AB73}.Release|Any CPU.Build.0 = Release|Any CPU
		{30C93145-EBE6-4EC4-801E-9FAD4046F478}.Debug|Any CPU.ActiveCfg = Debug|Any CPU
		{30C93145-EBE6-4EC4-801E-9FAD4046F478}.Debug|Any CPU.Build.0 = Debug|Any CPU
		{30C93145-EBE6-4EC4-801E-9FAD4046F478}.Release|Any CPU.ActiveCfg = Release|Any CPU
		{30C93145-EBE6-4EC4-801E-9FAD4046F478}.Release|Any CPU.Build.0 = Release|Any CPU
		{290469A3-977F-4F9E-8047-F4C26492DB1D}.Debug|Any CPU.ActiveCfg = Debug|Any CPU
		{290469A3-977F-4F9E-8047-F4C26492DB1D}.Debug|Any CPU.Build.0 = Debug|Any CPU
		{290469A3-977F-4F9E-8047-F4C26492DB1D}.Release|Any CPU.ActiveCfg = Release|Any CPU
		{290469A3-977F-4F9E-8047-F4C26492DB1D}.Release|Any CPU.Build.0 = Release|Any CPU
		{0867D100-945C-4CF6-9A89-0EB5E56DE92A}.Debug|Any CPU.ActiveCfg = Debug|Any CPU
		{0867D100-945C-4CF6-9A89-0EB5E56DE92A}.Debug|Any CPU.Build.0 = Debug|Any CPU
		{0867D100-945C-4CF6-9A89-0EB5E56DE92A}.Release|Any CPU.ActiveCfg = Release|Any CPU
		{0867D100-945C-4CF6-9A89-0EB5E56DE92A}.Release|Any CPU.Build.0 = Release|Any CPU
		{3F6B21E0-1204-4548-A167-6F428079CD01}.Debug|Any CPU.ActiveCfg = Debug|Any CPU
		{3F6B21E0-1204-4548-A167-6F428079CD01}.Debug|Any CPU.Build.0 = Debug|Any CPU
		{3F6B21E0-1204-4548-A167-6F428079CD01}.Release|Any CPU.ActiveCfg = Release|Any CPU
		{3F6B21E0-1204-4548-A167-6F428079CD01}.Release|Any CPU.Build.0 = Release|Any CPU
		{EAC1DDF8-6AEC-446F-B09B-CEEEB64EC469}.Debug|Any CPU.ActiveCfg = Debug|Any CPU
		{EAC1DDF8-6AEC-446F-B09B-CEEEB64EC469}.Debug|Any CPU.Build.0 = Debug|Any CPU
		{EAC1DDF8-6AEC-446F-B09B-CEEEB64EC469}.Release|Any CPU.ActiveCfg = Release|Any CPU
		{EAC1DDF8-6AEC-446F-B09B-CEEEB64EC469}.Release|Any CPU.Build.0 = Release|Any CPU
		{3DBC3006-5C00-47FF-9D33-3C8854B0097B}.Debug|Any CPU.ActiveCfg = Debug|Any CPU
		{3DBC3006-5C00-47FF-9D33-3C8854B0097B}.Debug|Any CPU.Build.0 = Debug|Any CPU
		{3DBC3006-5C00-47FF-9D33-3C8854B0097B}.Release|Any CPU.ActiveCfg = Release|Any CPU
		{3DBC3006-5C00-47FF-9D33-3C8854B0097B}.Release|Any CPU.Build.0 = Release|Any CPU
		{BC1B20B1-2BE2-4626-80A9-BF920343D854}.Debug|Any CPU.ActiveCfg = Debug|Any CPU
		{BC1B20B1-2BE2-4626-80A9-BF920343D854}.Debug|Any CPU.Build.0 = Debug|Any CPU
		{BC1B20B1-2BE2-4626-80A9-BF920343D854}.Release|Any CPU.ActiveCfg = Release|Any CPU
		{BC1B20B1-2BE2-4626-80A9-BF920343D854}.Release|Any CPU.Build.0 = Release|Any CPU
		{52C16489-671C-4764-A613-4C4DBB738147}.Debug|Any CPU.ActiveCfg = Debug|Any CPU
		{52C16489-671C-4764-A613-4C4DBB738147}.Debug|Any CPU.Build.0 = Debug|Any CPU
		{52C16489-671C-4764-A613-4C4DBB738147}.Release|Any CPU.ActiveCfg = Release|Any CPU
		{52C16489-671C-4764-A613-4C4DBB738147}.Release|Any CPU.Build.0 = Release|Any CPU
	EndGlobalSection
	GlobalSection(SolutionProperties) = preSolution
		HideSolutionNode = FALSE
	EndGlobalSection
	GlobalSection(ExtensibilityGlobals) = postSolution
		SolutionGuid = {DED95EEC-5CFD-4E8B-AAA1-09FEF6A4AFCB}
	EndGlobalSection
EndGlobal
