
Microsoft Visual Studio Solution File, Format Version 12.00
# Visual Studio Version 17
VisualStudioVersion = 17.0.32014.148
MinimumVisualStudioVersion = 10.0.40219.1
Project("{FAE04EC0-301F-11D3-BF4B-00C04F79EFBC}") = "P10.LadyBugs", "P10.LadyBugs\P10.LadyBugs.csproj", "{329B969F-24AC-49B0-A7D9-5E3671C626B8}"
EndProject
Project("{FAE04EC0-301F-11D3-BF4B-00C04F79EFBC}") = "P06.EqualSum", "P06.EqualSum\P06.EqualSum.csproj", "{357C9557-16AD-4129-86A0-BE83B732E2CF}"
EndProject
Project("{FAE04EC0-301F-11D3-BF4B-00C04F79EFBC}") = "P08.MagicSum", "P08.MagicSum\P08.MagicSum.csproj", "{C6FF70C6-2930-4B43-9627-EE9F736FC525}"
EndProject
Project("{FAE04EC0-301F-11D3-BF4B-00C04F79EFBC}") = "P09.KaminoFactory", "P09.KaminoFactory\P09.KaminoFactory.csproj", "{6E3D7A7E-CB1C-4D39-AD9A-CE738609D37D}"
EndProject
Project("{FAE04EC0-301F-11D3-BF4B-00C04F79EFBC}") = "P07.MaxSequenceOfEqual", "P07.MaxSequenceOfEqual\P07.MaxSequenceOfEqual.csproj", "{CFC410C1-CD17-44FF-8E67-A6EF8558F14F}"
EndProject
Project("{FAE04EC0-301F-11D3-BF4B-00C04F79EFBC}") = "P01.Train", "P01.Train\P01.Train.csproj", "{CC0CFC06-B03B-4415-873D-C14B2F335C9C}"
EndProject
Project("{FAE04EC0-301F-11D3-BF4B-00C04F79EFBC}") = "P02.CommonElements", "P02.CommonElements\P02.CommonElements.csproj", "{A32355AD-03CF-427E-A626-4866CFE1871E}"
EndProject
Project("{FAE04EC0-301F-11D3-BF4B-00C04F79EFBC}") = "P04.ArrayRotation", "P04.ArrayRotation\P04.ArrayRotation.csproj", "{9EE104E9-EC16-47D3-88D2-1903560F13E9}"
EndProject
Project("{FAE04EC0-301F-11D3-BF4B-00C04F79EFBC}") = "P05.TopIntegers", "P05.TopIntegers\P05.TopIntegers.csproj", "{6D082F15-22BF-4447-B707-70D3F663C4E2}"
EndProject
Project("{FAE04EC0-301F-11D3-BF4B-00C04F79EFBC}") = "P03.Zig-ZagArrays", "P03.Zig-ZagArrays\P03.Zig-ZagArrays.csproj", "{9A9BFFE5-DA06-4FB5-A6EE-B5C2F360E01F}"
EndProject
Global
	GlobalSection(SolutionConfigurationPlatforms) = preSolution
		Debug|Any CPU = Debug|Any CPU
		Release|Any CPU = Release|Any CPU
	EndGlobalSection
	GlobalSection(ProjectConfigurationPlatforms) = postSolution
		{329B969F-24AC-49B0-A7D9-5E3671C626B8}.Debug|Any CPU.ActiveCfg = Debug|Any CPU
		{329B969F-24AC-49B0-A7D9-5E3671C626B8}.Debug|Any CPU.Build.0 = Debug|Any CPU
		{329B969F-24AC-49B0-A7D9-5E3671C626B8}.Release|Any CPU.ActiveCfg = Release|Any CPU
		{329B969F-24AC-49B0-A7D9-5E3671C626B8}.Release|Any CPU.Build.0 = Release|Any CPU
		{357C9557-16AD-4129-86A0-BE83B732E2CF}.Debug|Any CPU.ActiveCfg = Debug|Any CPU
		{357C9557-16AD-4129-86A0-BE83B732E2CF}.Debug|Any CPU.Build.0 = Debug|Any CPU
		{357C9557-16AD-4129-86A0-BE83B732E2CF}.Release|Any CPU.ActiveCfg = Release|Any CPU
		{357C9557-16AD-4129-86A0-BE83B732E2CF}.Release|Any CPU.Build.0 = Release|Any CPU
		{C6FF70C6-2930-4B43-9627-EE9F736FC525}.Debug|Any CPU.ActiveCfg = Debug|Any CPU
		{C6FF70C6-2930-4B43-9627-EE9F736FC525}.Debug|Any CPU.Build.0 = Debug|Any CPU
		{C6FF70C6-2930-4B43-9627-EE9F736FC525}.Release|Any CPU.ActiveCfg = Release|Any CPU
		{C6FF70C6-2930-4B43-9627-EE9F736FC525}.Release|Any CPU.Build.0 = Release|Any CPU
		{6E3D7A7E-CB1C-4D39-AD9A-CE738609D37D}.Debug|Any CPU.ActiveCfg = Debug|Any CPU
		{6E3D7A7E-CB1C-4D39-AD9A-CE738609D37D}.Debug|Any CPU.Build.0 = Debug|Any CPU
		{6E3D7A7E-CB1C-4D39-AD9A-CE738609D37D}.Release|Any CPU.ActiveCfg = Release|Any CPU
		{6E3D7A7E-CB1C-4D39-AD9A-CE738609D37D}.Release|Any CPU.Build.0 = Release|Any CPU
		{CFC410C1-CD17-44FF-8E67-A6EF8558F14F}.Debug|Any CPU.ActiveCfg = Debug|Any CPU
		{CFC410C1-CD17-44FF-8E67-A6EF8558F14F}.Debug|Any CPU.Build.0 = Debug|Any CPU
		{CFC410C1-CD17-44FF-8E67-A6EF8558F14F}.Release|Any CPU.ActiveCfg = Release|Any CPU
		{CFC410C1-CD17-44FF-8E67-A6EF8558F14F}.Release|Any CPU.Build.0 = Release|Any CPU
		{CC0CFC06-B03B-4415-873D-C14B2F335C9C}.Debug|Any CPU.ActiveCfg = Debug|Any CPU
		{CC0CFC06-B03B-4415-873D-C14B2F335C9C}.Debug|Any CPU.Build.0 = Debug|Any CPU
		{CC0CFC06-B03B-4415-873D-C14B2F335C9C}.Release|Any CPU.ActiveCfg = Release|Any CPU
		{CC0CFC06-B03B-4415-873D-C14B2F335C9C}.Release|Any CPU.Build.0 = Release|Any CPU
		{A32355AD-03CF-427E-A626-4866CFE1871E}.Debug|Any CPU.ActiveCfg = Debug|Any CPU
		{A32355AD-03CF-427E-A626-4866CFE1871E}.Debug|Any CPU.Build.0 = Debug|Any CPU
		{A32355AD-03CF-427E-A626-4866CFE1871E}.Release|Any CPU.ActiveCfg = Release|Any CPU
		{A32355AD-03CF-427E-A626-4866CFE1871E}.Release|Any CPU.Build.0 = Release|Any CPU
		{9EE104E9-EC16-47D3-88D2-1903560F13E9}.Debug|Any CPU.ActiveCfg = Debug|Any CPU
		{9EE104E9-EC16-47D3-88D2-1903560F13E9}.Debug|Any CPU.Build.0 = Debug|Any CPU
		{9EE104E9-EC16-47D3-88D2-1903560F13E9}.Release|Any CPU.ActiveCfg = Release|Any CPU
		{9EE104E9-EC16-47D3-88D2-1903560F13E9}.Release|Any CPU.Build.0 = Release|Any CPU
		{6D082F15-22BF-4447-B707-70D3F663C4E2}.Debug|Any CPU.ActiveCfg = Debug|Any CPU
		{6D082F15-22BF-4447-B707-70D3F663C4E2}.Debug|Any CPU.Build.0 = Debug|Any CPU
		{6D082F15-22BF-4447-B707-70D3F663C4E2}.Release|Any CPU.ActiveCfg = Release|Any CPU
		{6D082F15-22BF-4447-B707-70D3F663C4E2}.Release|Any CPU.Build.0 = Release|Any CPU
		{9A9BFFE5-DA06-4FB5-A6EE-B5C2F360E01F}.Debug|Any CPU.ActiveCfg = Debug|Any CPU
		{9A9BFFE5-DA06-4FB5-A6EE-B5C2F360E01F}.Debug|Any CPU.Build.0 = Debug|Any CPU
		{9A9BFFE5-DA06-4FB5-A6EE-B5C2F360E01F}.Release|Any CPU.ActiveCfg = Release|Any CPU
		{9A9BFFE5-DA06-4FB5-A6EE-B5C2F360E01F}.Release|Any CPU.Build.0 = Release|Any CPU
	EndGlobalSection
	GlobalSection(SolutionProperties) = preSolution
		HideSolutionNode = FALSE
	EndGlobalSection
	GlobalSection(ExtensibilityGlobals) = postSolution
		SolutionGuid = {42FCE5BF-6A2D-485A-B35C-03D09D5A83C7}
	EndGlobalSection
EndGlobal
