
Microsoft Visual Studio Solution File, Format Version 12.00
# Visual Studio Version 17
VisualStudioVersion = 17.0.32014.148
MinimumVisualStudioVersion = 10.0.40219.1
Project("{FAE04EC0-301F-11D3-BF4B-00C04F79EFBC}") = "P01.DayOfWeek", "P01.DayOfWeek\P01.DayOfWeek.csproj", "{29A074CA-1FF8-4A73-8F10-A04DA398ABEF}"
EndProject
Project("{FAE04EC0-301F-11D3-BF4B-00C04F79EFBC}") = "P02.PrintNumbersInReverseOrder", "P02.PrintNumbersInReverseOrder\P02.PrintNumbersInReverseOrder.csproj", "{D238969C-E133-431E-A2D7-0D6C7E131E47}"
EndProject
Project("{FAE04EC0-301F-11D3-BF4B-00C04F79EFBC}") = "P03.RoudingNumbers", "P03.RoudingNumbers\P03.RoudingNumbers.csproj", "{BD14EF95-EE22-43F4-9909-012216D009F8}"
EndProject
Project("{FAE04EC0-301F-11D3-BF4B-00C04F79EFBC}") = "P04.ReverseArrayOfStrings", "P04.ReverseArrayOfStrings\P04.ReverseArrayOfStrings.csproj", "{8F8341AD-0687-486D-A133-29A86D3C77AE}"
EndProject
Project("{FAE04EC0-301F-11D3-BF4B-00C04F79EFBC}") = "05.SumEvenNumbers", "05.SumEvenNumbers\05.SumEvenNumbers.csproj", "{AB3273E6-206A-478D-B8F4-D335BA8632BA}"
EndProject
Project("{FAE04EC0-301F-11D3-BF4B-00C04F79EFBC}") = "P06.EvenAndOddSubtraction", "P06.EvenAndOddSubtraction\P06.EvenAndOddSubtraction.csproj", "{56C4F381-54AA-42CB-B668-4D2F46725F67}"
EndProject
Project("{FAE04EC0-301F-11D3-BF4B-00C04F79EFBC}") = "P07.EqualArrays", "P07.EqualArrays\P07.EqualArrays.csproj", "{9C55A8E9-BC6F-445A-BB8A-96CB8661B516}"
EndProject
Project("{FAE04EC0-301F-11D3-BF4B-00C04F79EFBC}") = "P08.CondenseArrayToNumber", "P08.CondenseArrayToNumber\P08.CondenseArrayToNumber.csproj", "{AE46DBC5-917D-4E15-B68E-4BED0836C4B4}"
EndProject
Global
	GlobalSection(SolutionConfigurationPlatforms) = preSolution
		Debug|Any CPU = Debug|Any CPU
		Release|Any CPU = Release|Any CPU
	EndGlobalSection
	GlobalSection(ProjectConfigurationPlatforms) = postSolution
		{29A074CA-1FF8-4A73-8F10-A04DA398ABEF}.Debug|Any CPU.ActiveCfg = Debug|Any CPU
		{29A074CA-1FF8-4A73-8F10-A04DA398ABEF}.Debug|Any CPU.Build.0 = Debug|Any CPU
		{29A074CA-1FF8-4A73-8F10-A04DA398ABEF}.Release|Any CPU.ActiveCfg = Release|Any CPU
		{29A074CA-1FF8-4A73-8F10-A04DA398ABEF}.Release|Any CPU.Build.0 = Release|Any CPU
		{D238969C-E133-431E-A2D7-0D6C7E131E47}.Debug|Any CPU.ActiveCfg = Debug|Any CPU
		{D238969C-E133-431E-A2D7-0D6C7E131E47}.Debug|Any CPU.Build.0 = Debug|Any CPU
		{D238969C-E133-431E-A2D7-0D6C7E131E47}.Release|Any CPU.ActiveCfg = Release|Any CPU
		{D238969C-E133-431E-A2D7-0D6C7E131E47}.Release|Any CPU.Build.0 = Release|Any CPU
		{BD14EF95-EE22-43F4-9909-012216D009F8}.Debug|Any CPU.ActiveCfg = Debug|Any CPU
		{BD14EF95-EE22-43F4-9909-012216D009F8}.Debug|Any CPU.Build.0 = Debug|Any CPU
		{BD14EF95-EE22-43F4-9909-012216D009F8}.Release|Any CPU.ActiveCfg = Release|Any CPU
		{BD14EF95-EE22-43F4-9909-012216D009F8}.Release|Any CPU.Build.0 = Release|Any CPU
		{8F8341AD-0687-486D-A133-29A86D3C77AE}.Debug|Any CPU.ActiveCfg = Debug|Any CPU
		{8F8341AD-0687-486D-A133-29A86D3C77AE}.Debug|Any CPU.Build.0 = Debug|Any CPU
		{8F8341AD-0687-486D-A133-29A86D3C77AE}.Release|Any CPU.ActiveCfg = Release|Any CPU
		{8F8341AD-0687-486D-A133-29A86D3C77AE}.Release|Any CPU.Build.0 = Release|Any CPU
		{AB3273E6-206A-478D-B8F4-D335BA8632BA}.Debug|Any CPU.ActiveCfg = Debug|Any CPU
		{AB3273E6-206A-478D-B8F4-D335BA8632BA}.Debug|Any CPU.Build.0 = Debug|Any CPU
		{AB3273E6-206A-478D-B8F4-D335BA8632BA}.Release|Any CPU.ActiveCfg = Release|Any CPU
		{AB3273E6-206A-478D-B8F4-D335BA8632BA}.Release|Any CPU.Build.0 = Release|Any CPU
		{56C4F381-54AA-42CB-B668-4D2F46725F67}.Debug|Any CPU.ActiveCfg = Debug|Any CPU
		{56C4F381-54AA-42CB-B668-4D2F46725F67}.Debug|Any CPU.Build.0 = Debug|Any CPU
		{56C4F381-54AA-42CB-B668-4D2F46725F67}.Release|Any CPU.ActiveCfg = Release|Any CPU
		{56C4F381-54AA-42CB-B668-4D2F46725F67}.Release|Any CPU.Build.0 = Release|Any CPU
		{9C55A8E9-BC6F-445A-BB8A-96CB8661B516}.Debug|Any CPU.ActiveCfg = Debug|Any CPU
		{9C55A8E9-BC6F-445A-BB8A-96CB8661B516}.Debug|Any CPU.Build.0 = Debug|Any CPU
		{9C55A8E9-BC6F-445A-BB8A-96CB8661B516}.Release|Any CPU.ActiveCfg = Release|Any CPU
		{9C55A8E9-BC6F-445A-BB8A-96CB8661B516}.Release|Any CPU.Build.0 = Release|Any CPU
		{AE46DBC5-917D-4E15-B68E-4BED0836C4B4}.Debug|Any CPU.ActiveCfg = Debug|Any CPU
		{AE46DBC5-917D-4E15-B68E-4BED0836C4B4}.Debug|Any CPU.Build.0 = Debug|Any CPU
		{AE46DBC5-917D-4E15-B68E-4BED0836C4B4}.Release|Any CPU.ActiveCfg = Release|Any CPU
		{AE46DBC5-917D-4E15-B68E-4BED0836C4B4}.Release|Any CPU.Build.0 = Release|Any CPU
	EndGlobalSection
	GlobalSection(SolutionProperties) = preSolution
		HideSolutionNode = FALSE
	EndGlobalSection
	GlobalSection(ExtensibilityGlobals) = postSolution
		SolutionGuid = {52FEE014-14D6-4C72-9A60-CC0FFAA89267}
	EndGlobalSection
EndGlobal
