
Microsoft Visual Studio Solution File, Format Version 12.00
# Visual Studio Version 17
VisualStudioVersion = 17.0.32014.148
MinimumVisualStudioVersion = 10.0.40219.1
Project("{FAE04EC0-301F-11D3-BF4B-00C04F79EFBC}") = "P01.ConvertMetersToKilometers", "P01.ConvertMetersToKilometers\P01.ConvertMetersToKilometers.csproj", "{A6D407DF-4B63-435C-B46D-C1346FA7C387}"
EndProject
Project("{FAE04EC0-301F-11D3-BF4B-00C04F79EFBC}") = "P02.PoundsToDollars", "P02.PoundsToDollars\P02.PoundsToDollars.csproj", "{E7FAC044-9A46-4325-9B93-FD296F2E8198}"
EndProject
Project("{FAE04EC0-301F-11D3-BF4B-00C04F79EFBC}") = "P03.ExactSumOfRealNumbers", "P03.ExactSumOfRealNumbers\P03.ExactSumOfRealNumbers.csproj", "{E662566E-80F1-4851-9357-640298FB07D5}"
EndProject
Project("{FAE04EC0-301F-11D3-BF4B-00C04F79EFBC}") = "P04.CenturiesToMinutes", "P04.CenturiesToMinutes\P04.CenturiesToMinutes.csproj", "{1E083A6A-A2E0-4EAC-A6EE-47748A7FCBD3}"
EndProject
Project("{FAE04EC0-301F-11D3-BF4B-00C04F79EFBC}") = "P05.SpecialNumbers", "P05.SpecialNumbers\P05.SpecialNumbers.csproj", "{0D3EC2E8-E06F-4A5D-B572-2839250185BB}"
EndProject
Project("{FAE04EC0-301F-11D3-BF4B-00C04F79EFBC}") = "P06.ReversedChars", "P06.ReversedChars\P06.ReversedChars.csproj", "{AAE2DE1F-6734-4F0F-B849-9480A0434AE1}"
EndProject
Global
	GlobalSection(SolutionConfigurationPlatforms) = preSolution
		Debug|Any CPU = Debug|Any CPU
		Release|Any CPU = Release|Any CPU
	EndGlobalSection
	GlobalSection(ProjectConfigurationPlatforms) = postSolution
		{A6D407DF-4B63-435C-B46D-C1346FA7C387}.Debug|Any CPU.ActiveCfg = Debug|Any CPU
		{A6D407DF-4B63-435C-B46D-C1346FA7C387}.Debug|Any CPU.Build.0 = Debug|Any CPU
		{A6D407DF-4B63-435C-B46D-C1346FA7C387}.Release|Any CPU.ActiveCfg = Release|Any CPU
		{A6D407DF-4B63-435C-B46D-C1346FA7C387}.Release|Any CPU.Build.0 = Release|Any CPU
		{E7FAC044-9A46-4325-9B93-FD296F2E8198}.Debug|Any CPU.ActiveCfg = Debug|Any CPU
		{E7FAC044-9A46-4325-9B93-FD296F2E8198}.Debug|Any CPU.Build.0 = Debug|Any CPU
		{E7FAC044-9A46-4325-9B93-FD296F2E8198}.Release|Any CPU.ActiveCfg = Release|Any CPU
		{E7FAC044-9A46-4325-9B93-FD296F2E8198}.Release|Any CPU.Build.0 = Release|Any CPU
		{E662566E-80F1-4851-9357-640298FB07D5}.Debug|Any CPU.ActiveCfg = Debug|Any CPU
		{E662566E-80F1-4851-9357-640298FB07D5}.Debug|Any CPU.Build.0 = Debug|Any CPU
		{E662566E-80F1-4851-9357-640298FB07D5}.Release|Any CPU.ActiveCfg = Release|Any CPU
		{E662566E-80F1-4851-9357-640298FB07D5}.Release|Any CPU.Build.0 = Release|Any CPU
		{1E083A6A-A2E0-4EAC-A6EE-47748A7FCBD3}.Debug|Any CPU.ActiveCfg = Debug|Any CPU
		{1E083A6A-A2E0-4EAC-A6EE-47748A7FCBD3}.Debug|Any CPU.Build.0 = Debug|Any CPU
		{1E083A6A-A2E0-4EAC-A6EE-47748A7FCBD3}.Release|Any CPU.ActiveCfg = Release|Any CPU
		{1E083A6A-A2E0-4EAC-A6EE-47748A7FCBD3}.Release|Any CPU.Build.0 = Release|Any CPU
		{0D3EC2E8-E06F-4A5D-B572-2839250185BB}.Debug|Any CPU.ActiveCfg = Debug|Any CPU
		{0D3EC2E8-E06F-4A5D-B572-2839250185BB}.Debug|Any CPU.Build.0 = Debug|Any CPU
		{0D3EC2E8-E06F-4A5D-B572-2839250185BB}.Release|Any CPU.ActiveCfg = Release|Any CPU
		{0D3EC2E8-E06F-4A5D-B572-2839250185BB}.Release|Any CPU.Build.0 = Release|Any CPU
		{AAE2DE1F-6734-4F0F-B849-9480A0434AE1}.Debug|Any CPU.ActiveCfg = Debug|Any CPU
		{AAE2DE1F-6734-4F0F-B849-9480A0434AE1}.Debug|Any CPU.Build.0 = Debug|Any CPU
		{AAE2DE1F-6734-4F0F-B849-9480A0434AE1}.Release|Any CPU.ActiveCfg = Release|Any CPU
		{AAE2DE1F-6734-4F0F-B849-9480A0434AE1}.Release|Any CPU.Build.0 = Release|Any CPU
	EndGlobalSection
	GlobalSection(SolutionProperties) = preSolution
		HideSolutionNode = FALSE
	EndGlobalSection
	GlobalSection(ExtensibilityGlobals) = postSolution
		SolutionGuid = {C3DB1406-C660-492A-8913-9A69B35F79BE}
	EndGlobalSection
EndGlobal
